
Microsoft Visual Studio Solution File, Format Version 12.00
# Visual Studio Version 17
VisualStudioVersion = 17.4.33213.308
MinimumVisualStudioVersion = 10.0.40219.1
Project("{8BC9CEB8-8B4A-11D0-8D11-00A0C91BC942}") = "TemplateArray", "TemplateArray.vcxproj", "{FF397261-17E4-4DBD-AEA9-5DDAD52B881B}"
EndProject
Project("{8BC9CEB8-8B4A-11D0-8D11-00A0C91BC942}") = "ArrayTests", "..\ArrayTests\ArrayTests.vcxproj", "{59301A56-DC62-4489-A7D4-A7CFB1AEDF39}"
EndProject
Global
	GlobalSection(SolutionConfigurationPlatforms) = preSolution
		Debug|x64 = Debug|x64
		Debug|x86 = Debug|x86
		Release|x64 = Release|x64
		Release|x86 = Release|x86
	EndGlobalSection
	GlobalSection(ProjectConfigurationPlatforms) = postSolution
		{FF397261-17E4-4DBD-AEA9-5DDAD52B881B}.Debug|x64.ActiveCfg = Debug|x64
		{FF397261-17E4-4DBD-AEA9-5DDAD52B881B}.Debug|x64.Build.0 = Debug|x64
		{FF397261-17E4-4DBD-AEA9-5DDAD52B881B}.Debug|x86.ActiveCfg = Debug|Win32
		{FF397261-17E4-4DBD-AEA9-5DDAD52B881B}.Debug|x86.Build.0 = Debug|Win32
		{FF397261-17E4-4DBD-AEA9-5DDAD52B881B}.Release|x64.ActiveCfg = Release|x64
		{FF397261-17E4-4DBD-AEA9-5DDAD52B881B}.Release|x64.Build.0 = Release|x64
		{FF397261-17E4-4DBD-AEA9-5DDAD52B881B}.Release|x86.ActiveCfg = Release|Win32
		{FF397261-17E4-4DBD-AEA9-5DDAD52B881B}.Release|x86.Build.0 = Release|Win32
		{59301A56-DC62-4489-A7D4-A7CFB1AEDF39}.Debug|x64.ActiveCfg = Debug|x64
		{59301A56-DC62-4489-A7D4-A7CFB1AEDF39}.Debug|x64.Build.0 = Debug|x64
		{59301A56-DC62-4489-A7D4-A7CFB1AEDF39}.Debug|x86.ActiveCfg = Debug|Win32
		{59301A56-DC62-4489-A7D4-A7CFB1AEDF39}.Debug|x86.Build.0 = Debug|Win32
		{59301A56-DC62-4489-A7D4-A7CFB1AEDF39}.Release|x64.ActiveCfg = Release|x64
		{59301A56-DC62-4489-A7D4-A7CFB1AEDF39}.Release|x64.Build.0 = Release|x64
		{59301A56-DC62-4489-A7D4-A7CFB1AEDF39}.Release|x86.ActiveCfg = Release|Win32
		{59301A56-DC62-4489-A7D4-A7CFB1AEDF39}.Release|x86.Build.0 = Release|Win32
	EndGlobalSection
	GlobalSection(SolutionProperties) = preSolution
		HideSolutionNode = FALSE
	EndGlobalSection
	GlobalSection(ExtensibilityGlobals) = postSolution
		SolutionGuid = {8A19EFAD-A822-4919-A618-745A30A7FA9C}
	EndGlobalSection
EndGlobal
